
Microsoft Visual Studio Solution File, Format Version 12.00
# Visual Studio Version 16
VisualStudioVersion = 16.0.28803.156
MinimumVisualStudioVersion = 10.0.40219.1
Project("{FAE04EC0-301F-11D3-BF4B-00C04F79EFBC}") = "GroupMeUp", "GroupMeUp\GroupMeUp.csproj", "{02A8EB66-8D25-4F5A-9794-1A0B01C276B6}"
EndProject
Global
	GlobalSection(SolutionConfigurationPlatforms) = preSolution
		Debug|Any CPU = Debug|Any CPU
		Release|Any CPU = Release|Any CPU
	EndGlobalSection
	GlobalSection(ProjectConfigurationPlatforms) = postSolution
		{02A8EB66-8D25-4F5A-9794-1A0B01C276B6}.Debug|Any CPU.ActiveCfg = Debug|Any CPU
		{02A8EB66-8D25-4F5A-9794-1A0B01C276B6}.Debug|Any CPU.Build.0 = Debug|Any CPU
		{02A8EB66-8D25-4F5A-9794-1A0B01C276B6}.Release|Any CPU.ActiveCfg = Release|Any CPU
		{02A8EB66-8D25-4F5A-9794-1A0B01C276B6}.Release|Any CPU.Build.0 = Release|Any CPU
	EndGlobalSection
	GlobalSection(SolutionProperties) = preSolution
		HideSolutionNode = FALSE
	EndGlobalSection
	GlobalSection(ExtensibilityGlobals) = postSolution
		SolutionGuid = {52C6A68E-5547-421B-9411-5E42B85575BF}
	EndGlobalSection
EndGlobal
